
Microsoft Visual Studio Solution File, Format Version 12.00
# Visual Studio Version 16
VisualStudioVersion = 16.0.34407.143
MinimumVisualStudioVersion = 10.0.40219.1
Project("{9A19103F-16F7-4668-BE54-9A1E7A4F7556}") = "OperatorChallenge", "OperatorChallenge\OperatorChallenge.csproj", "{547C0215-97DD-4A58-805A-BEAE3A89BB0E}"
EndProject
Project("{2150E333-8FDC-42A3-9474-1A3956D46DE8}") = "Solution Items", "Solution Items", "{A34B624C-2EA7-4AE6-A278-2CF93EE71330}"
	ProjectSection(SolutionItems) = preProject
		.editorconfig = .editorconfig
	EndProjectSection
EndProject
Global
	GlobalSection(SolutionConfigurationPlatforms) = preSolution
		Debug|Any CPU = Debug|Any CPU
		Release|Any CPU = Release|Any CPU
	EndGlobalSection
	GlobalSection(ProjectConfigurationPlatforms) = postSolution
		{547C0215-97DD-4A58-805A-BEAE3A89BB0E}.Debug|Any CPU.ActiveCfg = Debug|Any CPU
		{547C0215-97DD-4A58-805A-BEAE3A89BB0E}.Debug|Any CPU.Build.0 = Debug|Any CPU
		{547C0215-97DD-4A58-805A-BEAE3A89BB0E}.Release|Any CPU.ActiveCfg = Release|Any CPU
		{547C0215-97DD-4A58-805A-BEAE3A89BB0E}.Release|Any CPU.Build.0 = Release|Any CPU
	EndGlobalSection
	GlobalSection(SolutionProperties) = preSolution
		HideSolutionNode = FALSE
	EndGlobalSection
	GlobalSection(ExtensibilityGlobals) = postSolution
		SolutionGuid = {B5CBADAD-F1D8-4605-8455-444D5D55FC53}
	EndGlobalSection
EndGlobal
